// !$*UTF8*$!
{
	archiveVersion = 1;
	classes = {
	};
	objectVersion = 56;
	objects = {

/* Begin PBXBuildFile section */
		E42334E1292A6E6A004D782A /* EmotionLineView.swift in Sources */ = {isa = PBXBuildFile; fileRef = E42334E0292A6E6A004D782A /* EmotionLineView.swift */; };
		E42334E3292B166E004D782A /* EmotionDetailView.swift in Sources */ = {isa = PBXBuildFile; fileRef = E42334E2292B166E004D782A /* EmotionDetailView.swift */; };
		E42334E5292BB9C5004D782A /* EmoEachTimeLineView.swift in Sources */ = {isa = PBXBuildFile; fileRef = E42334E4292BB9C5004D782A /* EmoEachTimeLineView.swift */; };
		E42334E9292BBFEC004D782A /* AddEmoEachTimeView.swift in Sources */ = {isa = PBXBuildFile; fileRef = E42334E8292BBFEC004D782A /* AddEmoEachTimeView.swift */; };
		E4307A4E2923D3AF007C94ED /* SettingsView.swift in Sources */ = {isa = PBXBuildFile; fileRef = E4307A4D2923D3AF007C94ED /* SettingsView.swift */; };
		E4307A502923D3D1007C94ED /* TodayView.swift in Sources */ = {isa = PBXBuildFile; fileRef = E4307A4F2923D3D1007C94ED /* TodayView.swift */; };
		E4307A522923D3DE007C94ED /* StatisticsView.swift in Sources */ = {isa = PBXBuildFile; fileRef = E4307A512923D3DE007C94ED /* StatisticsView.swift */; };
		E4307A542923D40F007C94ED /* Constants.swift in Sources */ = {isa = PBXBuildFile; fileRef = E4307A532923D40F007C94ED /* Constants.swift */; };
		E4307A562923D53A007C94ED /* TabsView.swift in Sources */ = {isa = PBXBuildFile; fileRef = E4307A552923D53A007C94ED /* TabsView.swift */; };
		E4608F7D292F4E1600F6E596 /* Emotion+CoreDataClass.swift in Sources */ = {isa = PBXBuildFile; fileRef = E4608F79292F4E1500F6E596 /* Emotion+CoreDataClass.swift */; };
		E4608F7E292F4E1600F6E596 /* Emotion+CoreDataProperties.swift in Sources */ = {isa = PBXBuildFile; fileRef = E4608F7A292F4E1600F6E596 /* Emotion+CoreDataProperties.swift */; };
		E4608F7F292F4E1600F6E596 /* Record+CoreDataClass.swift in Sources */ = {isa = PBXBuildFile; fileRef = E4608F7B292F4E1600F6E596 /* Record+CoreDataClass.swift */; };
		E4608F80292F4E1600F6E596 /* Record+CoreDataProperties.swift in Sources */ = {isa = PBXBuildFile; fileRef = E4608F7C292F4E1600F6E596 /* Record+CoreDataProperties.swift */; };
		E47EEAB629287AD8003E6493 /* Emojis.swift in Sources */ = {isa = PBXBuildFile; fileRef = E47EEAB529287AD8003E6493 /* Emojis.swift */; };
		E47EEABA2928BC43003E6493 /* Localizable.strings in Resources */ = {isa = PBXBuildFile; fileRef = E47EEABC2928BC43003E6493 /* Localizable.strings */; };
		E47EEAC12928FF5A003E6493 /* EmotionsManagementView.swift in Sources */ = {isa = PBXBuildFile; fileRef = E47EEAC02928FF5A003E6493 /* EmotionsManagementView.swift */; };
		E47EEAC429290821003E6493 /* JsonModel.swift in Sources */ = {isa = PBXBuildFile; fileRef = E47EEAC329290821003E6493 /* JsonModel.swift */; };
		E47EEAC62929085B003E6493 /* DataService.swift in Sources */ = {isa = PBXBuildFile; fileRef = E47EEAC52929085B003E6493 /* DataService.swift */; };
		E47EEACC29290965003E6493 /* EmotionsViewModel.swift in Sources */ = {isa = PBXBuildFile; fileRef = E47EEACB29290965003E6493 /* EmotionsViewModel.swift */; };
		E47EEAD029290C3F003E6493 /* Emotions.json in Resources */ = {isa = PBXBuildFile; fileRef = E47EEACF29290C3F003E6493 /* Emotions.json */; };
		E47EEAD2292A0EC4003E6493 /* AddEmotionView.swift in Sources */ = {isa = PBXBuildFile; fileRef = E47EEAD1292A0EC4003E6493 /* AddEmotionView.swift */; };
		E47EEAD7292A486E003E6493 /* NVMColor in Frameworks */ = {isa = PBXBuildFile; productRef = E47EEAD6292A486E003E6493 /* NVMColor */; };
		E494690529267768000B447F /* SlideOverCard in Frameworks */ = {isa = PBXBuildFile; productRef = E494690429267768000B447F /* SlideOverCard */; };
		E4946908292725F3000B447F /* SwiftUIX in Frameworks */ = {isa = PBXBuildFile; productRef = E4946907292725F3000B447F /* SwiftUIX */; };
		E494690A29272B0A000B447F /* TestView.swift in Sources */ = {isa = PBXBuildFile; fileRef = E494690929272B0A000B447F /* TestView.swift */; };
		E4C981A7292210FA0061B3E2 /* EmoDiaryApp.swift in Sources */ = {isa = PBXBuildFile; fileRef = E4C981A6292210FA0061B3E2 /* EmoDiaryApp.swift */; };
		E4C981A9292210FA0061B3E2 /* ContentView.swift in Sources */ = {isa = PBXBuildFile; fileRef = E4C981A8292210FA0061B3E2 /* ContentView.swift */; };
		E4C981AB292210FB0061B3E2 /* Assets.xcassets in Resources */ = {isa = PBXBuildFile; fileRef = E4C981AA292210FB0061B3E2 /* Assets.xcassets */; };
		E4C981AE292210FB0061B3E2 /* Preview Assets.xcassets in Resources */ = {isa = PBXBuildFile; fileRef = E4C981AD292210FB0061B3E2 /* Preview Assets.xcassets */; };
		E4C981B0292210FB0061B3E2 /* Persistence.swift in Sources */ = {isa = PBXBuildFile; fileRef = E4C981AF292210FB0061B3E2 /* Persistence.swift */; };
		E4C981B3292210FB0061B3E2 /* EmoDiary.xcdatamodeld in Sources */ = {isa = PBXBuildFile; fileRef = E4C981B1292210FB0061B3E2 /* EmoDiary.xcdatamodeld */; };
/* End PBXBuildFile section */

/* Begin PBXFileReference section */
		E42334E0292A6E6A004D782A /* EmotionLineView.swift */ = {isa = PBXFileReference; lastKnownFileType = sourcecode.swift; path = EmotionLineView.swift; sourceTree = "<group>"; };
		E42334E2292B166E004D782A /* EmotionDetailView.swift */ = {isa = PBXFileReference; lastKnownFileType = sourcecode.swift; path = EmotionDetailView.swift; sourceTree = "<group>"; };
		E42334E4292BB9C5004D782A /* EmoEachTimeLineView.swift */ = {isa = PBXFileReference; lastKnownFileType = sourcecode.swift; path = EmoEachTimeLineView.swift; sourceTree = "<group>"; };
		E42334E8292BBFEC004D782A /* AddEmoEachTimeView.swift */ = {isa = PBXFileReference; lastKnownFileType = sourcecode.swift; path = AddEmoEachTimeView.swift; sourceTree = "<group>"; };
		E4307A4D2923D3AF007C94ED /* SettingsView.swift */ = {isa = PBXFileReference; lastKnownFileType = sourcecode.swift; path = SettingsView.swift; sourceTree = "<group>"; };
		E4307A4F2923D3D1007C94ED /* TodayView.swift */ = {isa = PBXFileReference; lastKnownFileType = sourcecode.swift; path = TodayView.swift; sourceTree = "<group>"; };
		E4307A512923D3DE007C94ED /* StatisticsView.swift */ = {isa = PBXFileReference; lastKnownFileType = sourcecode.swift; path = StatisticsView.swift; sourceTree = "<group>"; };
		E4307A532923D40F007C94ED /* Constants.swift */ = {isa = PBXFileReference; lastKnownFileType = sourcecode.swift; path = Constants.swift; sourceTree = "<group>"; };
		E4307A552923D53A007C94ED /* TabsView.swift */ = {isa = PBXFileReference; lastKnownFileType = sourcecode.swift; path = TabsView.swift; sourceTree = "<group>"; };
		E4608F79292F4E1500F6E596 /* Emotion+CoreDataClass.swift */ = {isa = PBXFileReference; lastKnownFileType = sourcecode.swift; path = "Emotion+CoreDataClass.swift"; sourceTree = SOURCE_ROOT; };
		E4608F7A292F4E1600F6E596 /* Emotion+CoreDataProperties.swift */ = {isa = PBXFileReference; lastKnownFileType = sourcecode.swift; path = "Emotion+CoreDataProperties.swift"; sourceTree = SOURCE_ROOT; };
		E4608F7B292F4E1600F6E596 /* Record+CoreDataClass.swift */ = {isa = PBXFileReference; lastKnownFileType = sourcecode.swift; path = "Record+CoreDataClass.swift"; sourceTree = SOURCE_ROOT; };
		E4608F7C292F4E1600F6E596 /* Record+CoreDataProperties.swift */ = {isa = PBXFileReference; lastKnownFileType = sourcecode.swift; path = "Record+CoreDataProperties.swift"; sourceTree = SOURCE_ROOT; };
		E47EEAB529287AD8003E6493 /* Emojis.swift */ = {isa = PBXFileReference; lastKnownFileType = sourcecode.swift; path = Emojis.swift; sourceTree = "<group>"; };
		E47EEABB2928BC43003E6493 /* zh-Hans */ = {isa = PBXFileReference; lastKnownFileType = text.plist.strings; name = "zh-Hans"; path = "zh-Hans.lproj/Localizable.strings"; sourceTree = "<group>"; };
		E47EEABD2928BC46003E6493 /* en */ = {isa = PBXFileReference; lastKnownFileType = text.plist.strings; name = en; path = en.lproj/Localizable.strings; sourceTree = "<group>"; };
		E47EEAC02928FF5A003E6493 /* EmotionsManagementView.swift */ = {isa = PBXFileReference; lastKnownFileType = sourcecode.swift; path = EmotionsManagementView.swift; sourceTree = "<group>"; };
		E47EEAC329290821003E6493 /* JsonModel.swift */ = {isa = PBXFileReference; lastKnownFileType = sourcecode.swift; path = JsonModel.swift; sourceTree = "<group>"; };
		E47EEAC52929085B003E6493 /* DataService.swift */ = {isa = PBXFileReference; lastKnownFileType = sourcecode.swift; path = DataService.swift; sourceTree = "<group>"; };
		E47EEACB29290965003E6493 /* EmotionsViewModel.swift */ = {isa = PBXFileReference; lastKnownFileType = sourcecode.swift; path = EmotionsViewModel.swift; sourceTree = "<group>"; };
		E47EEACF29290C3F003E6493 /* Emotions.json */ = {isa = PBXFileReference; lastKnownFileType = text.json; path = Emotions.json; sourceTree = "<group>"; };
		E47EEAD1292A0EC4003E6493 /* AddEmotionView.swift */ = {isa = PBXFileReference; lastKnownFileType = sourcecode.swift; path = AddEmotionView.swift; sourceTree = "<group>"; };
		E494690929272B0A000B447F /* TestView.swift */ = {isa = PBXFileReference; lastKnownFileType = sourcecode.swift; path = TestView.swift; sourceTree = "<group>"; };
		E4C981A3292210FA0061B3E2 /* EmoDiary.app */ = {isa = PBXFileReference; explicitFileType = wrapper.application; includeInIndex = 0; path = EmoDiary.app; sourceTree = BUILT_PRODUCTS_DIR; };
		E4C981A6292210FA0061B3E2 /* EmoDiaryApp.swift */ = {isa = PBXFileReference; lastKnownFileType = sourcecode.swift; path = EmoDiaryApp.swift; sourceTree = "<group>"; };
		E4C981A8292210FA0061B3E2 /* ContentView.swift */ = {isa = PBXFileReference; lastKnownFileType = sourcecode.swift; path = ContentView.swift; sourceTree = "<group>"; };
		E4C981AA292210FB0061B3E2 /* Assets.xcassets */ = {isa = PBXFileReference; lastKnownFileType = folder.assetcatalog; path = Assets.xcassets; sourceTree = "<group>"; };
		E4C981AD292210FB0061B3E2 /* Preview Assets.xcassets */ = {isa = PBXFileReference; lastKnownFileType = folder.assetcatalog; path = "Preview Assets.xcassets"; sourceTree = "<group>"; };
		E4C981AF292210FB0061B3E2 /* Persistence.swift */ = {isa = PBXFileReference; lastKnownFileType = sourcecode.swift; path = Persistence.swift; sourceTree = "<group>"; };
		E4C981B2292210FB0061B3E2 /* EmoDiary.xcdatamodel */ = {isa = PBXFileReference; lastKnownFileType = wrapper.xcdatamodel; path = EmoDiary.xcdatamodel; sourceTree = "<group>"; };
		E4C981B4292210FB0061B3E2 /* Info.plist */ = {isa = PBXFileReference; lastKnownFileType = text.plist.xml; path = Info.plist; sourceTree = "<group>"; };
/* End PBXFileReference section */

/* Begin PBXFrameworksBuildPhase section */
		E4C981A0292210F90061B3E2 /* Frameworks */ = {
			isa = PBXFrameworksBuildPhase;
			buildActionMask = 2147483647;
			files = (
				E494690529267768000B447F /* SlideOverCard in Frameworks */,
				E4946908292725F3000B447F /* SwiftUIX in Frameworks */,
				E47EEAD7292A486E003E6493 /* NVMColor in Frameworks */,
			);
			runOnlyForDeploymentPostprocessing = 0;
		};
/* End PBXFrameworksBuildPhase section */

/* Begin PBXGroup section */
		E47EEAB729287F37003E6493 /* Utilities */ = {
			isa = PBXGroup;
			children = (
				E4307A532923D40F007C94ED /* Constants.swift */,
				E47EEAB529287AD8003E6493 /* Emojis.swift */,
			);
			path = Utilities;
			sourceTree = "<group>";
		};
		E47EEAC22929080C003E6493 /* JSON */ = {
			isa = PBXGroup;
			children = (
				E47EEACB29290965003E6493 /* EmotionsViewModel.swift */,
				E47EEAC329290821003E6493 /* JsonModel.swift */,
				E47EEAC52929085B003E6493 /* DataService.swift */,
				E47EEACF29290C3F003E6493 /* Emotions.json */,
				E4C981AF292210FB0061B3E2 /* Persistence.swift */,
			);
			path = JSON;
			sourceTree = "<group>";
		};
		E4C9819A292210F90061B3E2 = {
			isa = PBXGroup;
			children = (
				E4C981A5292210FA0061B3E2 /* EmoDiary */,
				E4C981A4292210FA0061B3E2 /* Products */,
			);
			sourceTree = "<group>";
		};
		E4C981A4292210FA0061B3E2 /* Products */ = {
			isa = PBXGroup;
			children = (
				E4C981A3292210FA0061B3E2 /* EmoDiary.app */,
			);
			name = Products;
			sourceTree = "<group>";
		};
		E4C981A5292210FA0061B3E2 /* EmoDiary */ = {
			isa = PBXGroup;
			children = (
				E4608F79292F4E1500F6E596 /* Emotion+CoreDataClass.swift */,
				E4608F7A292F4E1600F6E596 /* Emotion+CoreDataProperties.swift */,
				E4608F7B292F4E1600F6E596 /* Record+CoreDataClass.swift */,
				E4608F7C292F4E1600F6E596 /* Record+CoreDataProperties.swift */,
				E4C981A6292210FA0061B3E2 /* EmoDiaryApp.swift */,
				E47EEABC2928BC43003E6493 /* Localizable.strings */,
				E4307A552923D53A007C94ED /* TabsView.swift */,
				E4307A512923D3DE007C94ED /* StatisticsView.swift */,
				E4307A4F2923D3D1007C94ED /* TodayView.swift */,
				E42334E4292BB9C5004D782A /* EmoEachTimeLineView.swift */,
				E42334E8292BBFEC004D782A /* AddEmoEachTimeView.swift */,
				E4307A4D2923D3AF007C94ED /* SettingsView.swift */,
				E47EEAC02928FF5A003E6493 /* EmotionsManagementView.swift */,
				E47EEAD1292A0EC4003E6493 /* AddEmotionView.swift */,
				E42334E0292A6E6A004D782A /* EmotionLineView.swift */,
				E42334E2292B166E004D782A /* EmotionDetailView.swift */,
				E4C981A8292210FA0061B3E2 /* ContentView.swift */,
				E494690929272B0A000B447F /* TestView.swift */,
				E47EEAC22929080C003E6493 /* JSON */,
				E47EEAB729287F37003E6493 /* Utilities */,
				E4C981AA292210FB0061B3E2 /* Assets.xcassets */,
				E4C981B4292210FB0061B3E2 /* Info.plist */,
				E4C981B1292210FB0061B3E2 /* EmoDiary.xcdatamodeld */,
				E4C981AC292210FB0061B3E2 /* Preview Content */,
			);
			path = EmoDiary;
			sourceTree = "<group>";
		};
		E4C981AC292210FB0061B3E2 /* Preview Content */ = {
			isa = PBXGroup;
			children = (
				E4C981AD292210FB0061B3E2 /* Preview Assets.xcassets */,
			);
			path = "Preview Content";
			sourceTree = "<group>";
		};
/* End PBXGroup section */

/* Begin PBXNativeTarget section */
		E4C981A2292210F90061B3E2 /* EmoDiary */ = {
			isa = PBXNativeTarget;
			buildConfigurationList = E4C981B7292210FB0061B3E2 /* Build configuration list for PBXNativeTarget "EmoDiary" */;
			buildPhases = (
				E4C9819F292210F90061B3E2 /* Sources */,
				E4C981A0292210F90061B3E2 /* Frameworks */,
				E4C981A1292210F90061B3E2 /* Resources */,
			);
			buildRules = (
			);
			dependencies = (
			);
			name = EmoDiary;
			packageProductDependencies = (
				E494690429267768000B447F /* SlideOverCard */,
				E4946907292725F3000B447F /* SwiftUIX */,
				E47EEAD6292A486E003E6493 /* NVMColor */,
			);
			productName = EmoDiary;
			productReference = E4C981A3292210FA0061B3E2 /* EmoDiary.app */;
			productType = "com.apple.product-type.application";
		};
/* End PBXNativeTarget section */

/* Begin PBXProject section */
		E4C9819B292210F90061B3E2 /* Project object */ = {
			isa = PBXProject;
			attributes = {
				BuildIndependentTargetsInParallel = 1;
				LastSwiftUpdateCheck = 1410;
				LastUpgradeCheck = 1410;
				TargetAttributes = {
					E4C981A2292210F90061B3E2 = {
						CreatedOnToolsVersion = 14.1;
					};
				};
			};
			buildConfigurationList = E4C9819E292210F90061B3E2 /* Build configuration list for PBXProject "EmoDiary" */;
			compatibilityVersion = "Xcode 14.0";
			developmentRegion = en;
			hasScannedForEncodings = 0;
			knownRegions = (
				en,
				Base,
				"zh-Hans",
			);
			mainGroup = E4C9819A292210F90061B3E2;
			packageReferences = (
				E494690329267768000B447F /* XCRemoteSwiftPackageReference "SlideOverCard" */,
				E4946906292725F3000B447F /* XCRemoteSwiftPackageReference "SwiftUIX" */,
				E47EEAD5292A486D003E6493 /* XCRemoteSwiftPackageReference "NVMColor_swift" */,
			);
			productRefGroup = E4C981A4292210FA0061B3E2 /* Products */;
			projectDirPath = "";
			projectRoot = "";
			targets = (
				E4C981A2292210F90061B3E2 /* EmoDiary */,
			);
		};
/* End PBXProject section */

/* Begin PBXResourcesBuildPhase section */
		E4C981A1292210F90061B3E2 /* Resources */ = {
			isa = PBXResourcesBuildPhase;
			buildActionMask = 2147483647;
			files = (
				E4C981AE292210FB0061B3E2 /* Preview Assets.xcassets in Resources */,
				E47EEABA2928BC43003E6493 /* Localizable.strings in Resources */,
				E4C981AB292210FB0061B3E2 /* Assets.xcassets in Resources */,
				E47EEAD029290C3F003E6493 /* Emotions.json in Resources */,
			);
			runOnlyForDeploymentPostprocessing = 0;
		};
/* End PBXResourcesBuildPhase section */

/* Begin PBXSourcesBuildPhase section */
		E4C9819F292210F90061B3E2 /* Sources */ = {
			isa = PBXSourcesBuildPhase;
			buildActionMask = 2147483647;
			files = (
				E42334E9292BBFEC004D782A /* AddEmoEachTimeView.swift in Sources */,
				E4C981B0292210FB0061B3E2 /* Persistence.swift in Sources */,
				E42334E1292A6E6A004D782A /* EmotionLineView.swift in Sources */,
				E47EEAC62929085B003E6493 /* DataService.swift in Sources */,
				E4608F80292F4E1600F6E596 /* Record+CoreDataProperties.swift in Sources */,
				E47EEAC12928FF5A003E6493 /* EmotionsManagementView.swift in Sources */,
				E4C981A9292210FA0061B3E2 /* ContentView.swift in Sources */,
				E47EEAC429290821003E6493 /* JsonModel.swift in Sources */,
				E4307A502923D3D1007C94ED /* TodayView.swift in Sources */,
				E4307A562923D53A007C94ED /* TabsView.swift in Sources */,
				E494690A29272B0A000B447F /* TestView.swift in Sources */,
				E4307A4E2923D3AF007C94ED /* SettingsView.swift in Sources */,
				E4307A522923D3DE007C94ED /* StatisticsView.swift in Sources */,
				E4C981A7292210FA0061B3E2 /* EmoDiaryApp.swift in Sources */,
				E4C981B3292210FB0061B3E2 /* EmoDiary.xcdatamodeld in Sources */,
				E4608F7D292F4E1600F6E596 /* Emotion+CoreDataClass.swift in Sources */,
				E47EEAB629287AD8003E6493 /* Emojis.swift in Sources */,
				E4608F7E292F4E1600F6E596 /* Emotion+CoreDataProperties.swift in Sources */,
				E4608F7F292F4E1600F6E596 /* Record+CoreDataClass.swift in Sources */,
				E47EEACC29290965003E6493 /* EmotionsViewModel.swift in Sources */,
				E42334E5292BB9C5004D782A /* EmoEachTimeLineView.swift in Sources */,
				E42334E3292B166E004D782A /* EmotionDetailView.swift in Sources */,
				E47EEAD2292A0EC4003E6493 /* AddEmotionView.swift in Sources */,
				E4307A542923D40F007C94ED /* Constants.swift in Sources */,
			);
			runOnlyForDeploymentPostprocessing = 0;
		};
/* End PBXSourcesBuildPhase section */

/* Begin PBXVariantGroup section */
		E47EEABC2928BC43003E6493 /* Localizable.strings */ = {
			isa = PBXVariantGroup;
			children = (
				E47EEABB2928BC43003E6493 /* zh-Hans */,
				E47EEABD2928BC46003E6493 /* en */,
			);
			name = Localizable.strings;
			sourceTree = "<group>";
		};
/* End PBXVariantGroup section */

/* Begin XCBuildConfiguration section */
		E4C981B5292210FB0061B3E2 /* Debug */ = {
			isa = XCBuildConfiguration;
			buildSettings = {
				ALWAYS_SEARCH_USER_PATHS = NO;
				CLANG_ANALYZER_NONNULL = YES;
				CLANG_ANALYZER_NUMBER_OBJECT_CONVERSION = YES_AGGRESSIVE;
				CLANG_CXX_LANGUAGE_STANDARD = "gnu++20";
				CLANG_ENABLE_MODULES = YES;
				CLANG_ENABLE_OBJC_ARC = YES;
				CLANG_ENABLE_OBJC_WEAK = YES;
				CLANG_WARN_BLOCK_CAPTURE_AUTORELEASING = YES;
				CLANG_WARN_BOOL_CONVERSION = YES;
				CLANG_WARN_COMMA = YES;
				CLANG_WARN_CONSTANT_CONVERSION = YES;
				CLANG_WARN_DEPRECATED_OBJC_IMPLEMENTATIONS = YES;
				CLANG_WARN_DIRECT_OBJC_ISA_USAGE = YES_ERROR;
				CLANG_WARN_DOCUMENTATION_COMMENTS = YES;
				CLANG_WARN_EMPTY_BODY = YES;
				CLANG_WARN_ENUM_CONVERSION = YES;
				CLANG_WARN_INFINITE_RECURSION = YES;
				CLANG_WARN_INT_CONVERSION = YES;
				CLANG_WARN_NON_LITERAL_NULL_CONVERSION = YES;
				CLANG_WARN_OBJC_IMPLICIT_RETAIN_SELF = YES;
				CLANG_WARN_OBJC_LITERAL_CONVERSION = YES;
				CLANG_WARN_OBJC_ROOT_CLASS = YES_ERROR;
				CLANG_WARN_QUOTED_INCLUDE_IN_FRAMEWORK_HEADER = YES;
				CLANG_WARN_RANGE_LOOP_ANALYSIS = YES;
				CLANG_WARN_STRICT_PROTOTYPES = YES;
				CLANG_WARN_SUSPICIOUS_MOVE = YES;
				CLANG_WARN_UNGUARDED_AVAILABILITY = YES_AGGRESSIVE;
				CLANG_WARN_UNREACHABLE_CODE = YES;
				CLANG_WARN__DUPLICATE_METHOD_MATCH = YES;
				COPY_PHASE_STRIP = NO;
				DEBUG_INFORMATION_FORMAT = dwarf;
				ENABLE_STRICT_OBJC_MSGSEND = YES;
				ENABLE_TESTABILITY = YES;
				GCC_C_LANGUAGE_STANDARD = gnu11;
				GCC_DYNAMIC_NO_PIC = NO;
				GCC_NO_COMMON_BLOCKS = YES;
				GCC_OPTIMIZATION_LEVEL = 0;
				GCC_PREPROCESSOR_DEFINITIONS = (
					"DEBUG=1",
					"$(inherited)",
				);
				GCC_WARN_64_TO_32_BIT_CONVERSION = YES;
				GCC_WARN_ABOUT_RETURN_TYPE = YES_ERROR;
				GCC_WARN_UNDECLARED_SELECTOR = YES;
				GCC_WARN_UNINITIALIZED_AUTOS = YES_AGGRESSIVE;
				GCC_WARN_UNUSED_FUNCTION = YES;
				GCC_WARN_UNUSED_VARIABLE = YES;
				IPHONEOS_DEPLOYMENT_TARGET = 16.1;
				MTL_ENABLE_DEBUG_INFO = INCLUDE_SOURCE;
				MTL_FAST_MATH = YES;
				ONLY_ACTIVE_ARCH = YES;
				SDKROOT = iphoneos;
				SWIFT_ACTIVE_COMPILATION_CONDITIONS = DEBUG;
				SWIFT_OPTIMIZATION_LEVEL = "-Onone";
			};
			name = Debug;
		};
		E4C981B6292210FB0061B3E2 /* Release */ = {
			isa = XCBuildConfiguration;
			buildSettings = {
				ALWAYS_SEARCH_USER_PATHS = NO;
				CLANG_ANALYZER_NONNULL = YES;
				CLANG_ANALYZER_NUMBER_OBJECT_CONVERSION = YES_AGGRESSIVE;
				CLANG_CXX_LANGUAGE_STANDARD = "gnu++20";
				CLANG_ENABLE_MODULES = YES;
				CLANG_ENABLE_OBJC_ARC = YES;
				CLANG_ENABLE_OBJC_WEAK = YES;
				CLANG_WARN_BLOCK_CAPTURE_AUTORELEASING = YES;
				CLANG_WARN_BOOL_CONVERSION = YES;
				CLANG_WARN_COMMA = YES;
				CLANG_WARN_CONSTANT_CONVERSION = YES;
				CLANG_WARN_DEPRECATED_OBJC_IMPLEMENTATIONS = YES;
				CLANG_WARN_DIRECT_OBJC_ISA_USAGE = YES_ERROR;
				CLANG_WARN_DOCUMENTATION_COMMENTS = YES;
				CLANG_WARN_EMPTY_BODY = YES;
				CLANG_WARN_ENUM_CONVERSION = YES;
				CLANG_WARN_INFINITE_RECURSION = YES;
				CLANG_WARN_INT_CONVERSION = YES;
				CLANG_WARN_NON_LITERAL_NULL_CONVERSION = YES;
				CLANG_WARN_OBJC_IMPLICIT_RETAIN_SELF = YES;
				CLANG_WARN_OBJC_LITERAL_CONVERSION = YES;
				CLANG_WARN_OBJC_ROOT_CLASS = YES_ERROR;
				CLANG_WARN_QUOTED_INCLUDE_IN_FRAMEWORK_HEADER = YES;
				CLANG_WARN_RANGE_LOOP_ANALYSIS = YES;
				CLANG_WARN_STRICT_PROTOTYPES = YES;
				CLANG_WARN_SUSPICIOUS_MOVE = YES;
				CLANG_WARN_UNGUARDED_AVAILABILITY = YES_AGGRESSIVE;
				CLANG_WARN_UNREACHABLE_CODE = YES;
				CLANG_WARN__DUPLICATE_METHOD_MATCH = YES;
				COPY_PHASE_STRIP = NO;
				DEBUG_INFORMATION_FORMAT = "dwarf-with-dsym";
				ENABLE_NS_ASSERTIONS = NO;
				ENABLE_STRICT_OBJC_MSGSEND = YES;
				GCC_C_LANGUAGE_STANDARD = gnu11;
				GCC_NO_COMMON_BLOCKS = YES;
				GCC_WARN_64_TO_32_BIT_CONVERSION = YES;
				GCC_WARN_ABOUT_RETURN_TYPE = YES_ERROR;
				GCC_WARN_UNDECLARED_SELECTOR = YES;
				GCC_WARN_UNINITIALIZED_AUTOS = YES_AGGRESSIVE;
				GCC_WARN_UNUSED_FUNCTION = YES;
				GCC_WARN_UNUSED_VARIABLE = YES;
				IPHONEOS_DEPLOYMENT_TARGET = 16.1;
				MTL_ENABLE_DEBUG_INFO = NO;
				MTL_FAST_MATH = YES;
				SDKROOT = iphoneos;
				SWIFT_COMPILATION_MODE = wholemodule;
				SWIFT_OPTIMIZATION_LEVEL = "-O";
				VALIDATE_PRODUCT = YES;
			};
			name = Release;
		};
		E4C981B8292210FB0061B3E2 /* Debug */ = {
			isa = XCBuildConfiguration;
			buildSettings = {
				ASSETCATALOG_COMPILER_APPICON_NAME = AppIcon;
				ASSETCATALOG_COMPILER_GLOBAL_ACCENT_COLOR_NAME = AccentColor;
				CODE_SIGN_STYLE = Automatic;
				CURRENT_PROJECT_VERSION = 1;
				DEVELOPMENT_ASSET_PATHS = "\"EmoDiary/Preview Content\"";
				DEVELOPMENT_TEAM = J3NR3Y3F8B;
				ENABLE_PREVIEWS = YES;
				GENERATE_INFOPLIST_FILE = YES;
				INFOPLIST_KEY_UIApplicationSceneManifest_Generation = YES;
				INFOPLIST_KEY_UIApplicationSupportsIndirectInputEvents = YES;
				INFOPLIST_KEY_UILaunchScreen_Generation = YES;
				INFOPLIST_KEY_UISupportedInterfaceOrientations_iPad = "UIInterfaceOrientationPortrait UIInterfaceOrientationPortraitUpsideDown UIInterfaceOrientationLandscapeLeft UIInterfaceOrientationLandscapeRight";
				INFOPLIST_KEY_UISupportedInterfaceOrientations_iPhone = "UIInterfaceOrientationPortrait UIInterfaceOrientationLandscapeLeft UIInterfaceOrientationLandscapeRight";
				LD_RUNPATH_SEARCH_PATHS = (
					"$(inherited)",
					"@executable_path/Frameworks",
				);
				MARKETING_VERSION = 1.0;
				PRODUCT_BUNDLE_IDENTIFIER = joey.xie.EmoDiary;
				PRODUCT_NAME = "$(TARGET_NAME)";
				SWIFT_EMIT_LOC_STRINGS = YES;
				SWIFT_VERSION = 5.0;
				TARGETED_DEVICE_FAMILY = "1,2";
			};
			name = Debug;
		};
		E4C981B9292210FB0061B3E2 /* Release */ = {
			isa = XCBuildConfiguration;
			buildSettings = {
				ASSETCATALOG_COMPILER_APPICON_NAME = AppIcon;
				ASSETCATALOG_COMPILER_GLOBAL_ACCENT_COLOR_NAME = AccentColor;
				CODE_SIGN_STYLE = Automatic;
				CURRENT_PROJECT_VERSION = 1;
				DEVELOPMENT_ASSET_PATHS = "\"EmoDiary/Preview Content\"";
				DEVELOPMENT_TEAM = J3NR3Y3F8B;
				ENABLE_PREVIEWS = YES;
				GENERATE_INFOPLIST_FILE = YES;
				INFOPLIST_KEY_UIApplicationSceneManifest_Generation = YES;
				INFOPLIST_KEY_UIApplicationSupportsIndirectInputEvents = YES;
				INFOPLIST_KEY_UILaunchScreen_Generation = YES;
				INFOPLIST_KEY_UISupportedInterfaceOrientations_iPad = "UIInterfaceOrientationPortrait UIInterfaceOrientationPortraitUpsideDown UIInterfaceOrientationLandscapeLeft UIInterfaceOrientationLandscapeRight";
				INFOPLIST_KEY_UISupportedInterfaceOrientations_iPhone = "UIInterfaceOrientationPortrait UIInterfaceOrientationLandscapeLeft UIInterfaceOrientationLandscapeRight";
				LD_RUNPATH_SEARCH_PATHS = (
					"$(inherited)",
					"@executable_path/Frameworks",
				);
				MARKETING_VERSION = 1.0;
				PRODUCT_BUNDLE_IDENTIFIER = joey.xie.EmoDiary;
				PRODUCT_NAME = "$(TARGET_NAME)";
				SWIFT_EMIT_LOC_STRINGS = YES;
				SWIFT_VERSION = 5.0;
				TARGETED_DEVICE_FAMILY = "1,2";
			};
			name = Release;
		};
/* End XCBuildConfiguration section */

/* Begin XCConfigurationList section */
		E4C9819E292210F90061B3E2 /* Build configuration list for PBXProject "EmoDiary" */ = {
			isa = XCConfigurationList;
			buildConfigurations = (
				E4C981B5292210FB0061B3E2 /* Debug */,
				E4C981B6292210FB0061B3E2 /* Release */,
			);
			defaultConfigurationIsVisible = 0;
			defaultConfigurationName = Release;
		};
		E4C981B7292210FB0061B3E2 /* Build configuration list for PBXNativeTarget "EmoDiary" */ = {
			isa = XCConfigurationList;
			buildConfigurations = (
				E4C981B8292210FB0061B3E2 /* Debug */,
				E4C981B9292210FB0061B3E2 /* Release */,
			);
			defaultConfigurationIsVisible = 0;
			defaultConfigurationName = Release;
		};
/* End XCConfigurationList section */

/* Begin XCRemoteSwiftPackageReference section */
		E47EEAD5292A486D003E6493 /* XCRemoteSwiftPackageReference "NVMColor_swift" */ = {
			isa = XCRemoteSwiftPackageReference;
			repositoryURL = "https://github.com/NVMNovem/NVMColor_swift";
			requirement = {
				kind = upToNextMajorVersion;
				minimumVersion = 1.0.0;
			};
		};
		E494690329267768000B447F /* XCRemoteSwiftPackageReference "SlideOverCard" */ = {
			isa = XCRemoteSwiftPackageReference;
			repositoryURL = "https://github.com/joogps/SlideOverCard";
			requirement = {
				kind = upToNextMajorVersion;
				minimumVersion = 2.0.0;
			};
		};
		E4946906292725F3000B447F /* XCRemoteSwiftPackageReference "SwiftUIX" */ = {
			isa = XCRemoteSwiftPackageReference;
			repositoryURL = "https://github.com/SwiftUIX/SwiftUIX";
			requirement = {
				kind = upToNextMajorVersion;
				minimumVersion = 0.1.3;
			};
		};
/* End XCRemoteSwiftPackageReference section */

/* Begin XCSwiftPackageProductDependency section */
		E47EEAD6292A486E003E6493 /* NVMColor */ = {
			isa = XCSwiftPackageProductDependency;
			package = E47EEAD5292A486D003E6493 /* XCRemoteSwiftPackageReference "NVMColor_swift" */;
			productName = NVMColor;
		};
		E494690429267768000B447F /* SlideOverCard */ = {
			isa = XCSwiftPackageProductDependency;
			package = E494690329267768000B447F /* XCRemoteSwiftPackageReference "SlideOverCard" */;
			productName = SlideOverCard;
		};
		E4946907292725F3000B447F /* SwiftUIX */ = {
			isa = XCSwiftPackageProductDependency;
			package = E4946906292725F3000B447F /* XCRemoteSwiftPackageReference "SwiftUIX" */;
			productName = SwiftUIX;
		};
/* End XCSwiftPackageProductDependency section */

/* Begin XCVersionGroup section */
		E4C981B1292210FB0061B3E2 /* EmoDiary.xcdatamodeld */ = {
			isa = XCVersionGroup;
			children = (
				E4C981B2292210FB0061B3E2 /* EmoDiary.xcdatamodel */,
			);
			currentVersion = E4C981B2292210FB0061B3E2 /* EmoDiary.xcdatamodel */;
			path = EmoDiary.xcdatamodeld;
			sourceTree = "<group>";
			versionGroupType = wrapper.xcdatamodel;
		};
/* End XCVersionGroup section */
	};
	rootObject = E4C9819B292210F90061B3E2 /* Project object */;
}
